// !$*UTF8*$!
{
	archiveVersion = 1;
	classes = {
	};
	objectVersion = 56;
	objects = {

/* Begin PBXBuildFile section */
		47E2D32729ED89D9008EBFB2 /* AppDelegate.swift in Sources */ = {isa = PBXBuildFile; fileRef = 47E2D32629ED89D9008EBFB2 /* AppDelegate.swift */; };
		47E2D32929ED89D9008EBFB2 /* SceneDelegate.swift in Sources */ = {isa = PBXBuildFile; fileRef = 47E2D32829ED89D9008EBFB2 /* SceneDelegate.swift */; };
		47E2D32B29ED89D9008EBFB2 /* ViewController.swift in Sources */ = {isa = PBXBuildFile; fileRef = 47E2D32A29ED89D9008EBFB2 /* ViewController.swift */; };
		47E2D33029ED89DA008EBFB2 /* Assets.xcassets in Resources */ = {isa = PBXBuildFile; fileRef = 47E2D32F29ED89DA008EBFB2 /* Assets.xcassets */; };
		47E2D33329ED89DA008EBFB2 /* LaunchScreen.storyboard in Resources */ = {isa = PBXBuildFile; fileRef = 47E2D33129ED89DA008EBFB2 /* LaunchScreen.storyboard */; };
		47E2D33C29ED8A5B008EBFB2 /* DateSortable.swift in Sources */ = {isa = PBXBuildFile; fileRef = 47E2D33B29ED8A5B008EBFB2 /* DateSortable.swift */; };
		47E2D33E29ED8A8B008EBFB2 /* JournalEntry.swift in Sources */ = {isa = PBXBuildFile; fileRef = 47E2D33D29ED8A8B008EBFB2 /* JournalEntry.swift */; };
		47E2D34029ED8AF7008EBFB2 /* Message.swift in Sources */ = {isa = PBXBuildFile; fileRef = 47E2D33F29ED8AF7008EBFB2 /* Message.swift */; };
		47E2D34229ED8B1F008EBFB2 /* SolFormatter.swift in Sources */ = {isa = PBXBuildFile; fileRef = 47E2D34129ED8B1F008EBFB2 /* SolFormatter.swift */; };
		47E2D34429ED8B3D008EBFB2 /* User.swift in Sources */ = {isa = PBXBuildFile; fileRef = 47E2D34329ED8B3D008EBFB2 /* User.swift */; };
		47E2D34629ED8B86008EBFB2 /* Weather.swift in Sources */ = {isa = PBXBuildFile; fileRef = 47E2D34529ED8B86008EBFB2 /* Weather.swift */; };
		47E2D34829ED8BDA008EBFB2 /* NSObject+IGListDiffable.swift in Sources */ = {isa = PBXBuildFile; fileRef = 47E2D34729ED8BDA008EBFB2 /* NSObject+IGListDiffable.swift */; };
		47E2D34E29ED8E2C008EBFB2 /* CustomNavigationBar.swift in Sources */ = {isa = PBXBuildFile; fileRef = 47E2D34D29ED8E2C008EBFB2 /* CustomNavigationBar.swift */; };
		47E2D35029ED8E65008EBFB2 /* TextSize.swift in Sources */ = {isa = PBXBuildFile; fileRef = 47E2D34F29ED8E65008EBFB2 /* TextSize.swift */; };
		47E2D35229ED8FBD008EBFB2 /* Theme.swift in Sources */ = {isa = PBXBuildFile; fileRef = 47E2D35129ED8FBD008EBFB2 /* Theme.swift */; };
		47E2D35429ED9025008EBFB2 /* JournalEntryCell.swift in Sources */ = {isa = PBXBuildFile; fileRef = 47E2D35329ED9025008EBFB2 /* JournalEntryCell.swift */; };
		47E2D35629ED9072008EBFB2 /* JournalEntryDateCell.swift in Sources */ = {isa = PBXBuildFile; fileRef = 47E2D35529ED9072008EBFB2 /* JournalEntryDateCell.swift */; };
		47E2D35829ED9122008EBFB2 /* MessageCell.swift in Sources */ = {isa = PBXBuildFile; fileRef = 47E2D35729ED9122008EBFB2 /* MessageCell.swift */; };
		47E2D35A29ED9189008EBFB2 /* WeatherDetailCell.swift in Sources */ = {isa = PBXBuildFile; fileRef = 47E2D35929ED9189008EBFB2 /* WeatherDetailCell.swift */; };
		47E2D35C29ED91B1008EBFB2 /* WeatherSummaryCell.swift in Sources */ = {isa = PBXBuildFile; fileRef = 47E2D35B29ED91B1008EBFB2 /* WeatherSummaryCell.swift */; };
		47E2D35E29ED9242008EBFB2 /* JournalEntryLoader.swift in Sources */ = {isa = PBXBuildFile; fileRef = 47E2D35D29ED9242008EBFB2 /* JournalEntryLoader.swift */; };
		47E2D36029ED926E008EBFB2 /* Pathfinder.swift in Sources */ = {isa = PBXBuildFile; fileRef = 47E2D35F29ED926E008EBFB2 /* Pathfinder.swift */; };
		47E2D36229ED92B0008EBFB2 /* WxScanner.swift in Sources */ = {isa = PBXBuildFile; fileRef = 47E2D36129ED92B0008EBFB2 /* WxScanner.swift */; };
		47E2D36429ED92DE008EBFB2 /* JournalSectionController.swift in Sources */ = {isa = PBXBuildFile; fileRef = 47E2D36329ED92DE008EBFB2 /* JournalSectionController.swift */; };
		47E2D36629ED93E6008EBFB2 /* MessageSectionController.swift in Sources */ = {isa = PBXBuildFile; fileRef = 47E2D36529ED93E6008EBFB2 /* MessageSectionController.swift */; };
		47E2D36829ED944E008EBFB2 /* WeatherSectionController.swift in Sources */ = {isa = PBXBuildFile; fileRef = 47E2D36729ED944E008EBFB2 /* WeatherSectionController.swift */; };
		47E2D36A29ED9627008EBFB2 /* FeedViewController.swift in Sources */ = {isa = PBXBuildFile; fileRef = 47E2D36929ED9627008EBFB2 /* FeedViewController.swift */; };
		47E2D36C29ED9922008EBFB2 /* OCRAStd.otf in Resources */ = {isa = PBXBuildFile; fileRef = 47E2D36B29ED9922008EBFB2 /* OCRAStd.otf */; };
		F1BE932FD10877A32E8C4FB4 /* Pods_Marslink_Swift5.framework in Frameworks */ = {isa = PBXBuildFile; fileRef = 2B45E0F44D47393F69DA9AD9 /* Pods_Marslink_Swift5.framework */; };
/* End PBXBuildFile section */

/* Begin PBXFileReference section */
		244B2AC6829095751975F67E /* Pods-Marslink_Swift5.release.xcconfig */ = {isa = PBXFileReference; includeInIndex = 1; lastKnownFileType = text.xcconfig; name = "Pods-Marslink_Swift5.release.xcconfig"; path = "Target Support Files/Pods-Marslink_Swift5/Pods-Marslink_Swift5.release.xcconfig"; sourceTree = "<group>"; };
		2B45E0F44D47393F69DA9AD9 /* Pods_Marslink_Swift5.framework */ = {isa = PBXFileReference; explicitFileType = wrapper.framework; includeInIndex = 0; path = Pods_Marslink_Swift5.framework; sourceTree = BUILT_PRODUCTS_DIR; };
		35488E0FBAB8A08BA5F1449D /* Pods-Marslink_Swift5.debug.xcconfig */ = {isa = PBXFileReference; includeInIndex = 1; lastKnownFileType = text.xcconfig; name = "Pods-Marslink_Swift5.debug.xcconfig"; path = "Target Support Files/Pods-Marslink_Swift5/Pods-Marslink_Swift5.debug.xcconfig"; sourceTree = "<group>"; };
		47E2D32329ED89D9008EBFB2 /* Marslink_Swift5.app */ = {isa = PBXFileReference; explicitFileType = wrapper.application; includeInIndex = 0; path = Marslink_Swift5.app; sourceTree = BUILT_PRODUCTS_DIR; };
		47E2D32629ED89D9008EBFB2 /* AppDelegate.swift */ = {isa = PBXFileReference; lastKnownFileType = sourcecode.swift; path = AppDelegate.swift; sourceTree = "<group>"; };
		47E2D32829ED89D9008EBFB2 /* SceneDelegate.swift */ = {isa = PBXFileReference; lastKnownFileType = sourcecode.swift; path = SceneDelegate.swift; sourceTree = "<group>"; };
		47E2D32A29ED89D9008EBFB2 /* ViewController.swift */ = {isa = PBXFileReference; lastKnownFileType = sourcecode.swift; path = ViewController.swift; sourceTree = "<group>"; };
		47E2D32F29ED89DA008EBFB2 /* Assets.xcassets */ = {isa = PBXFileReference; lastKnownFileType = folder.assetcatalog; path = Assets.xcassets; sourceTree = "<group>"; };
		47E2D33229ED89DA008EBFB2 /* Base */ = {isa = PBXFileReference; lastKnownFileType = file.storyboard; name = Base; path = Base.lproj/LaunchScreen.storyboard; sourceTree = "<group>"; };
		47E2D33429ED89DA008EBFB2 /* Info.plist */ = {isa = PBXFileReference; lastKnownFileType = text.plist.xml; path = Info.plist; sourceTree = "<group>"; };
		47E2D33B29ED8A5B008EBFB2 /* DateSortable.swift */ = {isa = PBXFileReference; lastKnownFileType = sourcecode.swift; path = DateSortable.swift; sourceTree = "<group>"; };
		47E2D33D29ED8A8B008EBFB2 /* JournalEntry.swift */ = {isa = PBXFileReference; lastKnownFileType = sourcecode.swift; path = JournalEntry.swift; sourceTree = "<group>"; };
		47E2D33F29ED8AF7008EBFB2 /* Message.swift */ = {isa = PBXFileReference; lastKnownFileType = sourcecode.swift; path = Message.swift; sourceTree = "<group>"; };
		47E2D34129ED8B1F008EBFB2 /* SolFormatter.swift */ = {isa = PBXFileReference; lastKnownFileType = sourcecode.swift; path = SolFormatter.swift; sourceTree = "<group>"; };
		47E2D34329ED8B3D008EBFB2 /* User.swift */ = {isa = PBXFileReference; lastKnownFileType = sourcecode.swift; path = User.swift; sourceTree = "<group>"; };
		47E2D34529ED8B86008EBFB2 /* Weather.swift */ = {isa = PBXFileReference; lastKnownFileType = sourcecode.swift; path = Weather.swift; sourceTree = "<group>"; };
		47E2D34729ED8BDA008EBFB2 /* NSObject+IGListDiffable.swift */ = {isa = PBXFileReference; lastKnownFileType = sourcecode.swift; path = "NSObject+IGListDiffable.swift"; sourceTree = "<group>"; };
		47E2D34D29ED8E2C008EBFB2 /* CustomNavigationBar.swift */ = {isa = PBXFileReference; lastKnownFileType = sourcecode.swift; path = CustomNavigationBar.swift; sourceTree = "<group>"; };
		47E2D34F29ED8E65008EBFB2 /* TextSize.swift */ = {isa = PBXFileReference; lastKnownFileType = sourcecode.swift; path = TextSize.swift; sourceTree = "<group>"; };
		47E2D35129ED8FBD008EBFB2 /* Theme.swift */ = {isa = PBXFileReference; lastKnownFileType = sourcecode.swift; path = Theme.swift; sourceTree = "<group>"; };
		47E2D35329ED9025008EBFB2 /* JournalEntryCell.swift */ = {isa = PBXFileReference; lastKnownFileType = sourcecode.swift; path = JournalEntryCell.swift; sourceTree = "<group>"; };
		47E2D35529ED9072008EBFB2 /* JournalEntryDateCell.swift */ = {isa = PBXFileReference; lastKnownFileType = sourcecode.swift; path = JournalEntryDateCell.swift; sourceTree = "<group>"; };
		47E2D35729ED9122008EBFB2 /* MessageCell.swift */ = {isa = PBXFileReference; lastKnownFileType = sourcecode.swift; path = MessageCell.swift; sourceTree = "<group>"; };
		47E2D35929ED9189008EBFB2 /* WeatherDetailCell.swift */ = {isa = PBXFileReference; lastKnownFileType = sourcecode.swift; path = WeatherDetailCell.swift; sourceTree = "<group>"; };
		47E2D35B29ED91B1008EBFB2 /* WeatherSummaryCell.swift */ = {isa = PBXFileReference; lastKnownFileType = sourcecode.swift; path = WeatherSummaryCell.swift; sourceTree = "<group>"; };
		47E2D35D29ED9242008EBFB2 /* JournalEntryLoader.swift */ = {isa = PBXFileReference; lastKnownFileType = sourcecode.swift; path = JournalEntryLoader.swift; sourceTree = "<group>"; };
		47E2D35F29ED926E008EBFB2 /* Pathfinder.swift */ = {isa = PBXFileReference; lastKnownFileType = sourcecode.swift; path = Pathfinder.swift; sourceTree = "<group>"; };
		47E2D36129ED92B0008EBFB2 /* WxScanner.swift */ = {isa = PBXFileReference; lastKnownFileType = sourcecode.swift; path = WxScanner.swift; sourceTree = "<group>"; };
		47E2D36329ED92DE008EBFB2 /* JournalSectionController.swift */ = {isa = PBXFileReference; lastKnownFileType = sourcecode.swift; path = JournalSectionController.swift; sourceTree = "<group>"; };
		47E2D36529ED93E6008EBFB2 /* MessageSectionController.swift */ = {isa = PBXFileReference; lastKnownFileType = sourcecode.swift; path = MessageSectionController.swift; sourceTree = "<group>"; };
		47E2D36729ED944E008EBFB2 /* WeatherSectionController.swift */ = {isa = PBXFileReference; lastKnownFileType = sourcecode.swift; path = WeatherSectionController.swift; sourceTree = "<group>"; };
		47E2D36929ED9627008EBFB2 /* FeedViewController.swift */ = {isa = PBXFileReference; lastKnownFileType = sourcecode.swift; path = FeedViewController.swift; sourceTree = "<group>"; };
		47E2D36B29ED9922008EBFB2 /* OCRAStd.otf */ = {isa = PBXFileReference; lastKnownFileType = file; path = OCRAStd.otf; sourceTree = "<group>"; };
/* End PBXFileReference section */

/* Begin PBXFrameworksBuildPhase section */
		47E2D32029ED89D9008EBFB2 /* Frameworks */ = {
			isa = PBXFrameworksBuildPhase;
			buildActionMask = 2147483647;
			files = (
				F1BE932FD10877A32E8C4FB4 /* Pods_Marslink_Swift5.framework in Frameworks */,
			);
			runOnlyForDeploymentPostprocessing = 0;
		};
/* End PBXFrameworksBuildPhase section */

/* Begin PBXGroup section */
		47E2D31A29ED89D9008EBFB2 = {
			isa = PBXGroup;
			children = (
				47E2D32529ED89D9008EBFB2 /* Marslink_Swift5 */,
				47E2D32429ED89D9008EBFB2 /* Products */,
				BD64EBD3040CD3A9032BEB1C /* Pods */,
				EFE0ADCE75F67208A8A66EEC /* Frameworks */,
			);
			sourceTree = "<group>";
		};
		47E2D32429ED89D9008EBFB2 /* Products */ = {
			isa = PBXGroup;
			children = (
				47E2D32329ED89D9008EBFB2 /* Marslink_Swift5.app */,
			);
			name = Products;
			sourceTree = "<group>";
		};
		47E2D32529ED89D9008EBFB2 /* Marslink_Swift5 */ = {
			isa = PBXGroup;
			children = (
				47E2D36B29ED9922008EBFB2 /* OCRAStd.otf */,
				47E2D34C29ED8DBF008EBFB2 /* Views */,
				47E2D34B29ED8DB3008EBFB2 /* ViewControllers */,
				47E2D34A29ED8DA6008EBFB2 /* Systems */,
				47E2D34929ED8D92008EBFB2 /* SectionControllers */,
				47E2D33A29ED8A25008EBFB2 /* Models */,
				47E2D32629ED89D9008EBFB2 /* AppDelegate.swift */,
				47E2D32829ED89D9008EBFB2 /* SceneDelegate.swift */,
				47E2D32A29ED89D9008EBFB2 /* ViewController.swift */,
				47E2D32F29ED89DA008EBFB2 /* Assets.xcassets */,
				47E2D33129ED89DA008EBFB2 /* LaunchScreen.storyboard */,
				47E2D33429ED89DA008EBFB2 /* Info.plist */,
			);
			path = Marslink_Swift5;
			sourceTree = "<group>";
		};
		47E2D33A29ED8A25008EBFB2 /* Models */ = {
			isa = PBXGroup;
			children = (
				47E2D33B29ED8A5B008EBFB2 /* DateSortable.swift */,
				47E2D33D29ED8A8B008EBFB2 /* JournalEntry.swift */,
				47E2D33F29ED8AF7008EBFB2 /* Message.swift */,
				47E2D34129ED8B1F008EBFB2 /* SolFormatter.swift */,
				47E2D34329ED8B3D008EBFB2 /* User.swift */,
				47E2D34529ED8B86008EBFB2 /* Weather.swift */,
				47E2D34729ED8BDA008EBFB2 /* NSObject+IGListDiffable.swift */,
			);
			path = Models;
			sourceTree = "<group>";
		};
		47E2D34929ED8D92008EBFB2 /* SectionControllers */ = {
			isa = PBXGroup;
			children = (
				47E2D36329ED92DE008EBFB2 /* JournalSectionController.swift */,
				47E2D36529ED93E6008EBFB2 /* MessageSectionController.swift */,
				47E2D36729ED944E008EBFB2 /* WeatherSectionController.swift */,
			);
			path = SectionControllers;
			sourceTree = "<group>";
		};
		47E2D34A29ED8DA6008EBFB2 /* Systems */ = {
			isa = PBXGroup;
			children = (
				47E2D34F29ED8E65008EBFB2 /* TextSize.swift */,
				47E2D35129ED8FBD008EBFB2 /* Theme.swift */,
				47E2D35D29ED9242008EBFB2 /* JournalEntryLoader.swift */,
				47E2D35F29ED926E008EBFB2 /* Pathfinder.swift */,
				47E2D36129ED92B0008EBFB2 /* WxScanner.swift */,
			);
			path = Systems;
			sourceTree = "<group>";
		};
		47E2D34B29ED8DB3008EBFB2 /* ViewControllers */ = {
			isa = PBXGroup;
			children = (
				47E2D36929ED9627008EBFB2 /* FeedViewController.swift */,
			);
			path = ViewControllers;
			sourceTree = "<group>";
		};
		47E2D34C29ED8DBF008EBFB2 /* Views */ = {
			isa = PBXGroup;
			children = (
				47E2D34D29ED8E2C008EBFB2 /* CustomNavigationBar.swift */,
				47E2D35329ED9025008EBFB2 /* JournalEntryCell.swift */,
				47E2D35529ED9072008EBFB2 /* JournalEntryDateCell.swift */,
				47E2D35729ED9122008EBFB2 /* MessageCell.swift */,
				47E2D35929ED9189008EBFB2 /* WeatherDetailCell.swift */,
				47E2D35B29ED91B1008EBFB2 /* WeatherSummaryCell.swift */,
			);
			path = Views;
			sourceTree = "<group>";
		};
		BD64EBD3040CD3A9032BEB1C /* Pods */ = {
			isa = PBXGroup;
			children = (
				35488E0FBAB8A08BA5F1449D /* Pods-Marslink_Swift5.debug.xcconfig */,
				244B2AC6829095751975F67E /* Pods-Marslink_Swift5.release.xcconfig */,
			);
			path = Pods;
			sourceTree = "<group>";
		};
		EFE0ADCE75F67208A8A66EEC /* Frameworks */ = {
			isa = PBXGroup;
			children = (
				2B45E0F44D47393F69DA9AD9 /* Pods_Marslink_Swift5.framework */,
			);
			name = Frameworks;
			sourceTree = "<group>";
		};
/* End PBXGroup section */

/* Begin PBXNativeTarget section */
		47E2D32229ED89D9008EBFB2 /* Marslink_Swift5 */ = {
			isa = PBXNativeTarget;
			buildConfigurationList = 47E2D33729ED89DA008EBFB2 /* Build configuration list for PBXNativeTarget "Marslink_Swift5" */;
			buildPhases = (
				94F0CE17F6369AEAC655F5FE /* [CP] Check Pods Manifest.lock */,
				47E2D31F29ED89D9008EBFB2 /* Sources */,
				47E2D32029ED89D9008EBFB2 /* Frameworks */,
				47E2D32129ED89D9008EBFB2 /* Resources */,
				BC803A2B5CAD90A261AD1705 /* [CP] Embed Pods Frameworks */,
			);
			buildRules = (
			);
			dependencies = (
			);
			name = Marslink_Swift5;
			productName = Marslink_Swift5;
			productReference = 47E2D32329ED89D9008EBFB2 /* Marslink_Swift5.app */;
			productType = "com.apple.product-type.application";
		};
/* End PBXNativeTarget section */

/* Begin PBXProject section */
		47E2D31B29ED89D9008EBFB2 /* Project object */ = {
			isa = PBXProject;
			attributes = {
				BuildIndependentTargetsInParallel = 1;
				LastSwiftUpdateCheck = 1430;
				LastUpgradeCheck = 1430;
				TargetAttributes = {
					47E2D32229ED89D9008EBFB2 = {
						CreatedOnToolsVersion = 14.3;
					};
				};
			};
			buildConfigurationList = 47E2D31E29ED89D9008EBFB2 /* Build configuration list for PBXProject "Marslink_Swift5" */;
			compatibilityVersion = "Xcode 14.0";
			developmentRegion = en;
			hasScannedForEncodings = 0;
			knownRegions = (
				en,
				Base,
			);
			mainGroup = 47E2D31A29ED89D9008EBFB2;
			productRefGroup = 47E2D32429ED89D9008EBFB2 /* Products */;
			projectDirPath = "";
			projectRoot = "";
			targets = (
				47E2D32229ED89D9008EBFB2 /* Marslink_Swift5 */,
			);
		};
/* End PBXProject section */

/* Begin PBXResourcesBuildPhase section */
		47E2D32129ED89D9008EBFB2 /* Resources */ = {
			isa = PBXResourcesBuildPhase;
			buildActionMask = 2147483647;
			files = (
				47E2D33329ED89DA008EBFB2 /* LaunchScreen.storyboard in Resources */,
				47E2D33029ED89DA008EBFB2 /* Assets.xcassets in Resources */,
				47E2D36C29ED9922008EBFB2 /* OCRAStd.otf in Resources */,
			);
			runOnlyForDeploymentPostprocessing = 0;
		};
/* End PBXResourcesBuildPhase section */

/* Begin PBXShellScriptBuildPhase section */
		94F0CE17F6369AEAC655F5FE /* [CP] Check Pods Manifest.lock */ = {
			isa = PBXShellScriptBuildPhase;
			buildActionMask = 2147483647;
			files = (
			);
			inputFileListPaths = (
			);
			inputPaths = (
				"${PODS_PODFILE_DIR_PATH}/Podfile.lock",
				"${PODS_ROOT}/Manifest.lock",
			);
			name = "[CP] Check Pods Manifest.lock";
			outputFileListPaths = (
			);
			outputPaths = (
				"$(DERIVED_FILE_DIR)/Pods-Marslink_Swift5-checkManifestLockResult.txt",
			);
			runOnlyForDeploymentPostprocessing = 0;
			shellPath = /bin/sh;
			shellScript = "diff \"${PODS_PODFILE_DIR_PATH}/Podfile.lock\" \"${PODS_ROOT}/Manifest.lock\" > /dev/null\nif [ $? != 0 ] ; then\n    # print error to STDERR\n    echo \"error: The sandbox is not in sync with the Podfile.lock. Run 'pod install' or update your CocoaPods installation.\" >&2\n    exit 1\nfi\n# This output is used by Xcode 'outputs' to avoid re-running this script phase.\necho \"SUCCESS\" > \"${SCRIPT_OUTPUT_FILE_0}\"\n";
			showEnvVarsInLog = 0;
		};
		BC803A2B5CAD90A261AD1705 /* [CP] Embed Pods Frameworks */ = {
			isa = PBXShellScriptBuildPhase;
			buildActionMask = 2147483647;
			files = (
			);
			inputFileListPaths = (
				"${PODS_ROOT}/Target Support Files/Pods-Marslink_Swift5/Pods-Marslink_Swift5-frameworks-${CONFIGURATION}-input-files.xcfilelist",
			);
			name = "[CP] Embed Pods Frameworks";
			outputFileListPaths = (
				"${PODS_ROOT}/Target Support Files/Pods-Marslink_Swift5/Pods-Marslink_Swift5-frameworks-${CONFIGURATION}-output-files.xcfilelist",
			);
			runOnlyForDeploymentPostprocessing = 0;
			shellPath = /bin/sh;
			shellScript = "\"${PODS_ROOT}/Target Support Files/Pods-Marslink_Swift5/Pods-Marslink_Swift5-frameworks.sh\"\n";
			showEnvVarsInLog = 0;
		};
/* End PBXShellScriptBuildPhase section */

/* Begin PBXSourcesBuildPhase section */
		47E2D31F29ED89D9008EBFB2 /* Sources */ = {
			isa = PBXSourcesBuildPhase;
			buildActionMask = 2147483647;
			files = (
				47E2D36029ED926E008EBFB2 /* Pathfinder.swift in Sources */,
				47E2D35E29ED9242008EBFB2 /* JournalEntryLoader.swift in Sources */,
				47E2D36229ED92B0008EBFB2 /* WxScanner.swift in Sources */,
				47E2D34E29ED8E2C008EBFB2 /* CustomNavigationBar.swift in Sources */,
				47E2D35829ED9122008EBFB2 /* MessageCell.swift in Sources */,
				47E2D34229ED8B1F008EBFB2 /* SolFormatter.swift in Sources */,
				47E2D35C29ED91B1008EBFB2 /* WeatherSummaryCell.swift in Sources */,
				47E2D32B29ED89D9008EBFB2 /* ViewController.swift in Sources */,
				47E2D32729ED89D9008EBFB2 /* AppDelegate.swift in Sources */,
				47E2D35429ED9025008EBFB2 /* JournalEntryCell.swift in Sources */,
				47E2D35629ED9072008EBFB2 /* JournalEntryDateCell.swift in Sources */,
				47E2D35229ED8FBD008EBFB2 /* Theme.swift in Sources */,
				47E2D33E29ED8A8B008EBFB2 /* JournalEntry.swift in Sources */,
				47E2D36429ED92DE008EBFB2 /* JournalSectionController.swift in Sources */,
				47E2D35029ED8E65008EBFB2 /* TextSize.swift in Sources */,
				47E2D34829ED8BDA008EBFB2 /* NSObject+IGListDiffable.swift in Sources */,
				47E2D36629ED93E6008EBFB2 /* MessageSectionController.swift in Sources */,
				47E2D34629ED8B86008EBFB2 /* Weather.swift in Sources */,
				47E2D36829ED944E008EBFB2 /* WeatherSectionController.swift in Sources */,
				47E2D34429ED8B3D008EBFB2 /* User.swift in Sources */,
				47E2D34029ED8AF7008EBFB2 /* Message.swift in Sources */,
				47E2D32929ED89D9008EBFB2 /* SceneDelegate.swift in Sources */,
				47E2D36A29ED9627008EBFB2 /* FeedViewController.swift in Sources */,
				47E2D33C29ED8A5B008EBFB2 /* DateSortable.swift in Sources */,
				47E2D35A29ED9189008EBFB2 /* WeatherDetailCell.swift in Sources */,
			);
			runOnlyForDeploymentPostprocessing = 0;
		};
/* End PBXSourcesBuildPhase section */

/* Begin PBXVariantGroup section */
		47E2D33129ED89DA008EBFB2 /* LaunchScreen.storyboard */ = {
			isa = PBXVariantGroup;
			children = (
				47E2D33229ED89DA008EBFB2 /* Base */,
			);
			name = LaunchScreen.storyboard;
			sourceTree = "<group>";
		};
/* End PBXVariantGroup section */

/* Begin XCBuildConfiguration section */
		47E2D33529ED89DA008EBFB2 /* Debug */ = {
			isa = XCBuildConfiguration;
			buildSettings = {
				ALWAYS_SEARCH_USER_PATHS = NO;
				CLANG_ANALYZER_NONNULL = YES;
				CLANG_ANALYZER_NUMBER_OBJECT_CONVERSION = YES_AGGRESSIVE;
				CLANG_CXX_LANGUAGE_STANDARD = "gnu++20";
				CLANG_ENABLE_MODULES = YES;
				CLANG_ENABLE_OBJC_ARC = YES;
				CLANG_ENABLE_OBJC_WEAK = YES;
				CLANG_WARN_BLOCK_CAPTURE_AUTORELEASING = YES;
				CLANG_WARN_BOOL_CONVERSION = YES;
				CLANG_WARN_COMMA = YES;
				CLANG_WARN_CONSTANT_CONVERSION = YES;
				CLANG_WARN_DEPRECATED_OBJC_IMPLEMENTATIONS = YES;
				CLANG_WARN_DIRECT_OBJC_ISA_USAGE = YES_ERROR;
				CLANG_WARN_DOCUMENTATION_COMMENTS = YES;
				CLANG_WARN_EMPTY_BODY = YES;
				CLANG_WARN_ENUM_CONVERSION = YES;
				CLANG_WARN_INFINITE_RECURSION = YES;
				CLANG_WARN_INT_CONVERSION = YES;
				CLANG_WARN_NON_LITERAL_NULL_CONVERSION = YES;
				CLANG_WARN_OBJC_IMPLICIT_RETAIN_SELF = YES;
				CLANG_WARN_OBJC_LITERAL_CONVERSION = YES;
				CLANG_WARN_OBJC_ROOT_CLASS = YES_ERROR;
				CLANG_WARN_QUOTED_INCLUDE_IN_FRAMEWORK_HEADER = YES;
				CLANG_WARN_RANGE_LOOP_ANALYSIS = YES;
				CLANG_WARN_STRICT_PROTOTYPES = YES;
				CLANG_WARN_SUSPICIOUS_MOVE = YES;
				CLANG_WARN_UNGUARDED_AVAILABILITY = YES_AGGRESSIVE;
				CLANG_WARN_UNREACHABLE_CODE = YES;
				CLANG_WARN__DUPLICATE_METHOD_MATCH = YES;
				COPY_PHASE_STRIP = NO;
				DEBUG_INFORMATION_FORMAT = dwarf;
				ENABLE_STRICT_OBJC_MSGSEND = YES;
				ENABLE_TESTABILITY = YES;
				GCC_C_LANGUAGE_STANDARD = gnu11;
				GCC_DYNAMIC_NO_PIC = NO;
				GCC_NO_COMMON_BLOCKS = YES;
				GCC_OPTIMIZATION_LEVEL = 0;
				GCC_PREPROCESSOR_DEFINITIONS = (
					"DEBUG=1",
					"$(inherited)",
				);
				GCC_WARN_64_TO_32_BIT_CONVERSION = YES;
				GCC_WARN_ABOUT_RETURN_TYPE = YES_ERROR;
				GCC_WARN_UNDECLARED_SELECTOR = YES;
				GCC_WARN_UNINITIALIZED_AUTOS = YES_AGGRESSIVE;
				GCC_WARN_UNUSED_FUNCTION = YES;
				GCC_WARN_UNUSED_VARIABLE = YES;
				IPHONEOS_DEPLOYMENT_TARGET = 16.4;
				MTL_ENABLE_DEBUG_INFO = INCLUDE_SOURCE;
				MTL_FAST_MATH = YES;
				ONLY_ACTIVE_ARCH = YES;
				SDKROOT = iphoneos;
				SWIFT_ACTIVE_COMPILATION_CONDITIONS = DEBUG;
				SWIFT_OPTIMIZATION_LEVEL = "-Onone";
			};
			name = Debug;
		};
		47E2D33629ED89DA008EBFB2 /* Release */ = {
			isa = XCBuildConfiguration;
			buildSettings = {
				ALWAYS_SEARCH_USER_PATHS = NO;
				CLANG_ANALYZER_NONNULL = YES;
				CLANG_ANALYZER_NUMBER_OBJECT_CONVERSION = YES_AGGRESSIVE;
				CLANG_CXX_LANGUAGE_STANDARD = "gnu++20";
				CLANG_ENABLE_MODULES = YES;
				CLANG_ENABLE_OBJC_ARC = YES;
				CLANG_ENABLE_OBJC_WEAK = YES;
				CLANG_WARN_BLOCK_CAPTURE_AUTORELEASING = YES;
				CLANG_WARN_BOOL_CONVERSION = YES;
				CLANG_WARN_COMMA = YES;
				CLANG_WARN_CONSTANT_CONVERSION = YES;
				CLANG_WARN_DEPRECATED_OBJC_IMPLEMENTATIONS = YES;
				CLANG_WARN_DIRECT_OBJC_ISA_USAGE = YES_ERROR;
				CLANG_WARN_DOCUMENTATION_COMMENTS = YES;
				CLANG_WARN_EMPTY_BODY = YES;
				CLANG_WARN_ENUM_CONVERSION = YES;
				CLANG_WARN_INFINITE_RECURSION = YES;
				CLANG_WARN_INT_CONVERSION = YES;
				CLANG_WARN_NON_LITERAL_NULL_CONVERSION = YES;
				CLANG_WARN_OBJC_IMPLICIT_RETAIN_SELF = YES;
				CLANG_WARN_OBJC_LITERAL_CONVERSION = YES;
				CLANG_WARN_OBJC_ROOT_CLASS = YES_ERROR;
				CLANG_WARN_QUOTED_INCLUDE_IN_FRAMEWORK_HEADER = YES;
				CLANG_WARN_RANGE_LOOP_ANALYSIS = YES;
				CLANG_WARN_STRICT_PROTOTYPES = YES;
				CLANG_WARN_SUSPICIOUS_MOVE = YES;
				CLANG_WARN_UNGUARDED_AVAILABILITY = YES_AGGRESSIVE;
				CLANG_WARN_UNREACHABLE_CODE = YES;
				CLANG_WARN__DUPLICATE_METHOD_MATCH = YES;
				COPY_PHASE_STRIP = NO;
				DEBUG_INFORMATION_FORMAT = "dwarf-with-dsym";
				ENABLE_NS_ASSERTIONS = NO;
				ENABLE_STRICT_OBJC_MSGSEND = YES;
				GCC_C_LANGUAGE_STANDARD = gnu11;
				GCC_NO_COMMON_BLOCKS = YES;
				GCC_WARN_64_TO_32_BIT_CONVERSION = YES;
				GCC_WARN_ABOUT_RETURN_TYPE = YES_ERROR;
				GCC_WARN_UNDECLARED_SELECTOR = YES;
				GCC_WARN_UNINITIALIZED_AUTOS = YES_AGGRESSIVE;
				GCC_WARN_UNUSED_FUNCTION = YES;
				GCC_WARN_UNUSED_VARIABLE = YES;
				IPHONEOS_DEPLOYMENT_TARGET = 16.4;
				MTL_ENABLE_DEBUG_INFO = NO;
				MTL_FAST_MATH = YES;
				SDKROOT = iphoneos;
				SWIFT_COMPILATION_MODE = wholemodule;
				SWIFT_OPTIMIZATION_LEVEL = "-O";
				VALIDATE_PRODUCT = YES;
			};
			name = Release;
		};
		47E2D33829ED89DA008EBFB2 /* Debug */ = {
			isa = XCBuildConfiguration;
			baseConfigurationReference = 35488E0FBAB8A08BA5F1449D /* Pods-Marslink_Swift5.debug.xcconfig */;
			buildSettings = {
				ASSETCATALOG_COMPILER_APPICON_NAME = AppIcon;
				ASSETCATALOG_COMPILER_GLOBAL_ACCENT_COLOR_NAME = AccentColor;
				CODE_SIGN_STYLE = Automatic;
				CURRENT_PROJECT_VERSION = 1;
				DEVELOPMENT_TEAM = SZGMLVXUH2;
				GENERATE_INFOPLIST_FILE = YES;
				INFOPLIST_FILE = Marslink_Swift5/Info.plist;
				INFOPLIST_KEY_UIApplicationSupportsIndirectInputEvents = YES;
				INFOPLIST_KEY_UILaunchStoryboardName = LaunchScreen;
				INFOPLIST_KEY_UISupportedInterfaceOrientations_iPad = "UIInterfaceOrientationPortrait UIInterfaceOrientationPortraitUpsideDown UIInterfaceOrientationLandscapeLeft UIInterfaceOrientationLandscapeRight";
				INFOPLIST_KEY_UISupportedInterfaceOrientations_iPhone = "UIInterfaceOrientationPortrait UIInterfaceOrientationLandscapeLeft UIInterfaceOrientationLandscapeRight";
				LD_RUNPATH_SEARCH_PATHS = (
					"$(inherited)",
					"@executable_path/Frameworks",
				);
				MARKETING_VERSION = 1.0;
				PRODUCT_BUNDLE_IDENTIFIER = "com.liuruixuan.Marslink-Swift5";
				PRODUCT_NAME = "$(TARGET_NAME)";
				SWIFT_EMIT_LOC_STRINGS = YES;
				SWIFT_VERSION = 5.0;
				TARGETED_DEVICE_FAMILY = "1,2";
			};
			name = Debug;
		};
		47E2D33929ED89DA008EBFB2 /* Release */ = {
			isa = XCBuildConfiguration;
			baseConfigurationReference = 244B2AC6829095751975F67E /* Pods-Marslink_Swift5.release.xcconfig */;
			buildSettings = {
				ASSETCATALOG_COMPILER_APPICON_NAME = AppIcon;
				ASSETCATALOG_COMPILER_GLOBAL_ACCENT_COLOR_NAME = AccentColor;
				CODE_SIGN_STYLE = Automatic;
				CURRENT_PROJECT_VERSION = 1;
				DEVELOPMENT_TEAM = SZGMLVXUH2;
				GENERATE_INFOPLIST_FILE = YES;
				INFOPLIST_FILE = Marslink_Swift5/Info.plist;
				INFOPLIST_KEY_UIApplicationSupportsIndirectInputEvents = YES;
				INFOPLIST_KEY_UILaunchStoryboardName = LaunchScreen;
				INFOPLIST_KEY_UISupportedInterfaceOrientations_iPad = "UIInterfaceOrientationPortrait UIInterfaceOrientationPortraitUpsideDown UIInterfaceOrientationLandscapeLeft UIInterfaceOrientationLandscapeRight";
				INFOPLIST_KEY_UISupportedInterfaceOrientations_iPhone = "UIInterfaceOrientationPortrait UIInterfaceOrientationLandscapeLeft UIInterfaceOrientationLandscapeRight";
				LD_RUNPATH_SEARCH_PATHS = (
					"$(inherited)",
					"@executable_path/Frameworks",
				);
				MARKETING_VERSION = 1.0;
				PRODUCT_BUNDLE_IDENTIFIER = "com.liuruixuan.Marslink-Swift5";
				PRODUCT_NAME = "$(TARGET_NAME)";
				SWIFT_EMIT_LOC_STRINGS = YES;
				SWIFT_VERSION = 5.0;
				TARGETED_DEVICE_FAMILY = "1,2";
			};
			name = Release;
		};
/* End XCBuildConfiguration section */

/* Begin XCConfigurationList section */
		47E2D31E29ED89D9008EBFB2 /* Build configuration list for PBXProject "Marslink_Swift5" */ = {
			isa = XCConfigurationList;
			buildConfigurations = (
				47E2D33529ED89DA008EBFB2 /* Debug */,
				47E2D33629ED89DA008EBFB2 /* Release */,
			);
			defaultConfigurationIsVisible = 0;
			defaultConfigurationName = Release;
		};
		47E2D33729ED89DA008EBFB2 /* Build configuration list for PBXNativeTarget "Marslink_Swift5" */ = {
			isa = XCConfigurationList;
			buildConfigurations = (
				47E2D33829ED89DA008EBFB2 /* Debug */,
				47E2D33929ED89DA008EBFB2 /* Release */,
			);
			defaultConfigurationIsVisible = 0;
			defaultConfigurationName = Release;
		};
/* End XCConfigurationList section */
	};
	rootObject = 47E2D31B29ED89D9008EBFB2 /* Project object */;
}
